
Microsoft Visual Studio Solution File, Format Version 12.00
# Visual Studio Version 17
VisualStudioVersion = 17.14.36414.22 d17.14
MinimumVisualStudioVersion = 10.0.40219.1
Project("{FAE04EC0-301F-11D3-BF4B-00C04F79EFBC}") = "ProjectIdeas", "ProjectIdeas\ProjectIdeas.csproj", "{83BCBAEF-EB63-423B-B73B-7CAE86CC220F}"
EndProject
Global
	GlobalSection(SolutionConfigurationPlatforms) = preSolution
		Debug|Any CPU = Debug|Any CPU
		Release|Any CPU = Release|Any CPU
	EndGlobalSection
	GlobalSection(ProjectConfigurationPlatforms) = postSolution
		{83BCBAEF-EB63-423B-B73B-7CAE86CC220F}.Debug|Any CPU.ActiveCfg = Debug|Any CPU
		{83BCBAEF-EB63-423B-B73B-7CAE86CC220F}.Debug|Any CPU.Build.0 = Debug|Any CPU
		{83BCBAEF-EB63-423B-B73B-7CAE86CC220F}.Release|Any CPU.ActiveCfg = Release|Any CPU
		{83BCBAEF-EB63-423B-B73B-7CAE86CC220F}.Release|Any CPU.Build.0 = Release|Any CPU
	EndGlobalSection
	GlobalSection(SolutionProperties) = preSolution
		HideSolutionNode = FALSE
	EndGlobalSection
	GlobalSection(ExtensibilityGlobals) = postSolution
		SolutionGuid = {BDFFE787-5FBC-4D1A-90BC-E1D606FE43E1}
	EndGlobalSection
EndGlobal
